
Microsoft Visual Studio Solution File, Format Version 12.00
# Visual Studio Version 17
VisualStudioVersion = 17.3.32804.467
MinimumVisualStudioVersion = 10.0.40219.1
Project("{FAE04EC0-301F-11D3-BF4B-00C04F79EFBC}") = "LeetCode", "LeetCode\LeetCode.csproj", "{4CD3052F-D105-4FBE-80A2-BCB31F26C0BA}"
EndProject
Global
	GlobalSection(SolutionConfigurationPlatforms) = preSolution
		Debug|Any CPU = Debug|Any CPU
		Release|Any CPU = Release|Any CPU
	EndGlobalSection
	GlobalSection(ProjectConfigurationPlatforms) = postSolution
		{4CD3052F-D105-4FBE-80A2-BCB31F26C0BA}.Debug|Any CPU.ActiveCfg = Debug|Any CPU
		{4CD3052F-D105-4FBE-80A2-BCB31F26C0BA}.Debug|Any CPU.Build.0 = Debug|Any CPU
		{4CD3052F-D105-4FBE-80A2-BCB31F26C0BA}.Release|Any CPU.ActiveCfg = Release|Any CPU
		{4CD3052F-D105-4FBE-80A2-BCB31F26C0BA}.Release|Any CPU.Build.0 = Release|Any CPU
	EndGlobalSection
	GlobalSection(SolutionProperties) = preSolution
		HideSolutionNode = FALSE
	EndGlobalSection
	GlobalSection(ExtensibilityGlobals) = postSolution
		SolutionGuid = {180A54A3-0C5C-4F06-99D2-9F3C42F99AFC}
	EndGlobalSection
EndGlobal
